<Solution>
  <Folder Name="/DI/">
    <Project Path="DI/DiTraining.Bad/DiTraining.Bad.csproj" />
    <Project Path="DI/DiTraining.DiContainer/DiTraining.DiContainer.csproj" />
    <Project Path="DI/DiTraining.Good/DiTraining.Good.csproj" />
    <Project Path="DI/DiTraining.Tests/DiTraining.Tests.csproj" />
  </Folder>
  <Folder Name="/Repository Pattern/">
    <Project Path="Repository Pattern/RepositoryPattern.Console/RepositoryPattern.Console.csproj" />
    <Project Path="Repository Pattern/RepositoryPattern.Tests/RepositoryPattern.Tests.csproj" />
  </Folder>
  <Folder Name="/SOLID/">
    <Project Path="SOLID/SolidSample.Bad/SolidSample.Bad.csproj" />
    <Project Path="SOLID/SolidSample.Good/SolidSample.Good.csproj" />
    <Project Path="SOLID/SolidSample.Tests/SolidSample.Tests.csproj" />
  </Folder>
  <Folder Name="/Four-Layer Architecture/">
    <Project Path="Four-Layer Architecture/TodoApp.Presentation/TodoApp.Presentation.csproj" />
    <Project Path="Four-Layer Architecture/TodoApp.Application/TodoApp.Application.csproj" />
    <Project Path="Four-Layer Architecture/TodoApp.Domain/TodoApp.Domain.csproj" />
    <Project Path="Four-Layer Architecture/TodoApp.Infrastructure/TodoApp.Infrastructure.csproj" />
    <Project Path="Four-Layer Architecture/TodoApp.Domain.Tests/TodoApp.Domain.Tests.csproj" />
    <Project Path="Four-Layer Architecture/TodoApp.Application.Tests/TodoApp.Application.Tests.csproj" />
  </Folder>
  <Folder Name="/Four-Layer Architecture2/">
    <Project Path="Four-Layer Architecture2/TodoApp.WinUI.csproj" />
  </Folder>
</Solution>
